// !$*UTF8*$!
{
	archiveVersion = 1;
	classes = {
	};
	objectVersion = 46;
	objects = {

/* Begin PBXBuildFile section */
		27A6BD801E167F51007ADF47 /* AppDelegate.swift in Sources */ = {isa = PBXBuildFile; fileRef = 27A6BD7F1E167F51007ADF47 /* AppDelegate.swift */; };
		27A6BD821E167F51007ADF47 /* ViewController.swift in Sources */ = {isa = PBXBuildFile; fileRef = 27A6BD811E167F51007ADF47 /* ViewController.swift */; };
		27A6BD851E167F51007ADF47 /* Main.storyboard in Resources */ = {isa = PBXBuildFile; fileRef = 27A6BD831E167F51007ADF47 /* Main.storyboard */; };
		27A6BD871E167F51007ADF47 /* Assets.xcassets in Resources */ = {isa = PBXBuildFile; fileRef = 27A6BD861E167F51007ADF47 /* Assets.xcassets */; };
		27A6BD8A1E167F51007ADF47 /* LaunchScreen.storyboard in Resources */ = {isa = PBXBuildFile; fileRef = 27A6BD881E167F51007ADF47 /* LaunchScreen.storyboard */; };
		27A6BD951E167F51007ADF47 /* StudyJapaneseTests.swift in Sources */ = {isa = PBXBuildFile; fileRef = 27A6BD941E167F51007ADF47 /* StudyJapaneseTests.swift */; };
		27A6BDA01E167F51007ADF47 /* StudyJapaneseUITests.swift in Sources */ = {isa = PBXBuildFile; fileRef = 27A6BD9F1E167F51007ADF47 /* StudyJapaneseUITests.swift */; };
		437EE9059EE51B9A8D48515D /* libPods-StudyJapanese.a in Frameworks */ = {isa = PBXBuildFile; fileRef = F10678D99BC8341F133FF50E /* libPods-StudyJapanese.a */; };
/* End PBXBuildFile section */

/* Begin PBXContainerItemProxy section */
		27A6BD911E167F51007ADF47 /* PBXContainerItemProxy */ = {
			isa = PBXContainerItemProxy;
			containerPortal = 27A6BD741E167F51007ADF47 /* Project object */;
			proxyType = 1;
			remoteGlobalIDString = 27A6BD7B1E167F51007ADF47;
			remoteInfo = StudyJapanese;
		};
		27A6BD9C1E167F51007ADF47 /* PBXContainerItemProxy */ = {
			isa = PBXContainerItemProxy;
			containerPortal = 27A6BD741E167F51007ADF47 /* Project object */;
			proxyType = 1;
			remoteGlobalIDString = 27A6BD7B1E167F51007ADF47;
			remoteInfo = StudyJapanese;
		};
/* End PBXContainerItemProxy section */

/* Begin PBXFileReference section */
		27A6BD7C1E167F51007ADF47 /* StudyJapanese.app */ = {isa = PBXFileReference; explicitFileType = wrapper.application; includeInIndex = 0; path = StudyJapanese.app; sourceTree = BUILT_PRODUCTS_DIR; };
		27A6BD7F1E167F51007ADF47 /* AppDelegate.swift */ = {isa = PBXFileReference; lastKnownFileType = sourcecode.swift; path = AppDelegate.swift; sourceTree = "<group>"; };
		27A6BD811E167F51007ADF47 /* ViewController.swift */ = {isa = PBXFileReference; lastKnownFileType = sourcecode.swift; path = ViewController.swift; sourceTree = "<group>"; };
		27A6BD841E167F51007ADF47 /* Base */ = {isa = PBXFileReference; lastKnownFileType = file.storyboard; name = Base; path = Base.lproj/Main.storyboard; sourceTree = "<group>"; };
		27A6BD861E167F51007ADF47 /* Assets.xcassets */ = {isa = PBXFileReference; lastKnownFileType = folder.assetcatalog; path = Assets.xcassets; sourceTree = "<group>"; };
		27A6BD891E167F51007ADF47 /* Base */ = {isa = PBXFileReference; lastKnownFileType = file.storyboard; name = Base; path = Base.lproj/LaunchScreen.storyboard; sourceTree = "<group>"; };
		27A6BD8B1E167F51007ADF47 /* Info.plist */ = {isa = PBXFileReference; lastKnownFileType = text.plist.xml; path = Info.plist; sourceTree = "<group>"; };
		27A6BD901E167F51007ADF47 /* StudyJapaneseTests.xctest */ = {isa = PBXFileReference; explicitFileType = wrapper.cfbundle; includeInIndex = 0; path = StudyJapaneseTests.xctest; sourceTree = BUILT_PRODUCTS_DIR; };
		27A6BD941E167F51007ADF47 /* StudyJapaneseTests.swift */ = {isa = PBXFileReference; lastKnownFileType = sourcecode.swift; path = StudyJapaneseTests.swift; sourceTree = "<group>"; };
		27A6BD961E167F51007ADF47 /* Info.plist */ = {isa = PBXFileReference; lastKnownFileType = text.plist.xml; path = Info.plist; sourceTree = "<group>"; };
		27A6BD9B1E167F51007ADF47 /* StudyJapaneseUITests.xctest */ = {isa = PBXFileReference; explicitFileType = wrapper.cfbundle; includeInIndex = 0; path = StudyJapaneseUITests.xctest; sourceTree = BUILT_PRODUCTS_DIR; };
		27A6BD9F1E167F51007ADF47 /* StudyJapaneseUITests.swift */ = {isa = PBXFileReference; lastKnownFileType = sourcecode.swift; path = StudyJapaneseUITests.swift; sourceTree = "<group>"; };
		27A6BDA11E167F51007ADF47 /* Info.plist */ = {isa = PBXFileReference; lastKnownFileType = text.plist.xml; path = Info.plist; sourceTree = "<group>"; };
		EC13D6A824B38E94EC9351E3 /* Pods-StudyJapanese.release.xcconfig */ = {isa = PBXFileReference; includeInIndex = 1; lastKnownFileType = text.xcconfig; name = "Pods-StudyJapanese.release.xcconfig"; path = "Pods/Target Support Files/Pods-StudyJapanese/Pods-StudyJapanese.release.xcconfig"; sourceTree = "<group>"; };
		F10678D99BC8341F133FF50E /* libPods-StudyJapanese.a */ = {isa = PBXFileReference; explicitFileType = archive.ar; includeInIndex = 0; path = "libPods-StudyJapanese.a"; sourceTree = BUILT_PRODUCTS_DIR; };
		F755EFF920E71DD1B2AEF6B0 /* Pods-StudyJapanese.debug.xcconfig */ = {isa = PBXFileReference; includeInIndex = 1; lastKnownFileType = text.xcconfig; name = "Pods-StudyJapanese.debug.xcconfig"; path = "Pods/Target Support Files/Pods-StudyJapanese/Pods-StudyJapanese.debug.xcconfig"; sourceTree = "<group>"; };
/* End PBXFileReference section */

/* Begin PBXFrameworksBuildPhase section */
		27A6BD791E167F51007ADF47 /* Frameworks */ = {
			isa = PBXFrameworksBuildPhase;
			buildActionMask = 2147483647;
			files = (
				437EE9059EE51B9A8D48515D /* libPods-StudyJapanese.a in Frameworks */,
			);
			runOnlyForDeploymentPostprocessing = 0;
		};
		27A6BD8D1E167F51007ADF47 /* Frameworks */ = {
			isa = PBXFrameworksBuildPhase;
			buildActionMask = 2147483647;
			files = (
			);
			runOnlyForDeploymentPostprocessing = 0;
		};
		27A6BD981E167F51007ADF47 /* Frameworks */ = {
			isa = PBXFrameworksBuildPhase;
			buildActionMask = 2147483647;
			files = (
			);
			runOnlyForDeploymentPostprocessing = 0;
		};
/* End PBXFrameworksBuildPhase section */

/* Begin PBXGroup section */
		27A6BD731E167F51007ADF47 = {
			isa = PBXGroup;
			children = (
				27A6BD7E1E167F51007ADF47 /* StudyJapanese */,
				27A6BD931E167F51007ADF47 /* StudyJapaneseTests */,
				27A6BD9E1E167F51007ADF47 /* StudyJapaneseUITests */,
				27A6BD7D1E167F51007ADF47 /* Products */,
				848E202A51A56A27F52E8912 /* Pods */,
				E4D0D1EE04A2F1A335D5C08E /* Frameworks */,
			);
			sourceTree = "<group>";
		};
		27A6BD7D1E167F51007ADF47 /* Products */ = {
			isa = PBXGroup;
			children = (
				27A6BD7C1E167F51007ADF47 /* StudyJapanese.app */,
				27A6BD901E167F51007ADF47 /* StudyJapaneseTests.xctest */,
				27A6BD9B1E167F51007ADF47 /* StudyJapaneseUITests.xctest */,
			);
			name = Products;
			sourceTree = "<group>";
		};
		27A6BD7E1E167F51007ADF47 /* StudyJapanese */ = {
			isa = PBXGroup;
			children = (
				27A6BD7F1E167F51007ADF47 /* AppDelegate.swift */,
				27A6BD811E167F51007ADF47 /* ViewController.swift */,
				27A6BD831E167F51007ADF47 /* Main.storyboard */,
				27A6BD861E167F51007ADF47 /* Assets.xcassets */,
				27A6BD881E167F51007ADF47 /* LaunchScreen.storyboard */,
				27A6BD8B1E167F51007ADF47 /* Info.plist */,
			);
			path = StudyJapanese;
			sourceTree = "<group>";
		};
		27A6BD931E167F51007ADF47 /* StudyJapaneseTests */ = {
			isa = PBXGroup;
			children = (
				27A6BD941E167F51007ADF47 /* StudyJapaneseTests.swift */,
				27A6BD961E167F51007ADF47 /* Info.plist */,
			);
			path = StudyJapaneseTests;
			sourceTree = "<group>";
		};
		27A6BD9E1E167F51007ADF47 /* StudyJapaneseUITests */ = {
			isa = PBXGroup;
			children = (
				27A6BD9F1E167F51007ADF47 /* StudyJapaneseUITests.swift */,
				27A6BDA11E167F51007ADF47 /* Info.plist */,
			);
			path = StudyJapaneseUITests;
			sourceTree = "<group>";
		};
		848E202A51A56A27F52E8912 /* Pods */ = {
			isa = PBXGroup;
			children = (
				F755EFF920E71DD1B2AEF6B0 /* Pods-StudyJapanese.debug.xcconfig */,
				EC13D6A824B38E94EC9351E3 /* Pods-StudyJapanese.release.xcconfig */,
			);
			name = Pods;
			sourceTree = "<group>";
		};
		E4D0D1EE04A2F1A335D5C08E /* Frameworks */ = {
			isa = PBXGroup;
			children = (
				F10678D99BC8341F133FF50E /* libPods-StudyJapanese.a */,
			);
			name = Frameworks;
			sourceTree = "<group>";
		};
/* End PBXGroup section */

/* Begin PBXNativeTarget section */
		27A6BD7B1E167F51007ADF47 /* StudyJapanese */ = {
			isa = PBXNativeTarget;
			buildConfigurationList = 27A6BDA41E167F51007ADF47 /* Build configuration list for PBXNativeTarget "StudyJapanese" */;
			buildPhases = (
				0B1E22243345AE54B7FB3147 /* [CP] Check Pods Manifest.lock */,
				27A6BD781E167F51007ADF47 /* Sources */,
				27A6BD791E167F51007ADF47 /* Frameworks */,
				27A6BD7A1E167F51007ADF47 /* Resources */,
				1EB3F40E14824807472C6BC9 /* [CP] Embed Pods Frameworks */,
				EEC2B9B01D0862BB5268052D /* [CP] Copy Pods Resources */,
			);
			buildRules = (
			);
			dependencies = (
			);
			name = StudyJapanese;
			productName = StudyJapanese;
			productReference = 27A6BD7C1E167F51007ADF47 /* StudyJapanese.app */;
			productType = "com.apple.product-type.application";
		};
		27A6BD8F1E167F51007ADF47 /* StudyJapaneseTests */ = {
			isa = PBXNativeTarget;
			buildConfigurationList = 27A6BDA71E167F51007ADF47 /* Build configuration list for PBXNativeTarget "StudyJapaneseTests" */;
			buildPhases = (
				27A6BD8C1E167F51007ADF47 /* Sources */,
				27A6BD8D1E167F51007ADF47 /* Frameworks */,
				27A6BD8E1E167F51007ADF47 /* Resources */,
			);
			buildRules = (
			);
			dependencies = (
				27A6BD921E167F51007ADF47 /* PBXTargetDependency */,
			);
			name = StudyJapaneseTests;
			productName = StudyJapaneseTests;
			productReference = 27A6BD901E167F51007ADF47 /* StudyJapaneseTests.xctest */;
			productType = "com.apple.product-type.bundle.unit-test";
		};
		27A6BD9A1E167F51007ADF47 /* StudyJapaneseUITests */ = {
			isa = PBXNativeTarget;
			buildConfigurationList = 27A6BDAA1E167F51007ADF47 /* Build configuration list for PBXNativeTarget "StudyJapaneseUITests" */;
			buildPhases = (
				27A6BD971E167F51007ADF47 /* Sources */,
				27A6BD981E167F51007ADF47 /* Frameworks */,
				27A6BD991E167F51007ADF47 /* Resources */,
			);
			buildRules = (
			);
			dependencies = (
				27A6BD9D1E167F51007ADF47 /* PBXTargetDependency */,
			);
			name = StudyJapaneseUITests;
			productName = StudyJapaneseUITests;
			productReference = 27A6BD9B1E167F51007ADF47 /* StudyJapaneseUITests.xctest */;
			productType = "com.apple.product-type.bundle.ui-testing";
		};
/* End PBXNativeTarget section */

/* Begin PBXProject section */
		27A6BD741E167F51007ADF47 /* Project object */ = {
			isa = PBXProject;
			attributes = {
				LastSwiftUpdateCheck = 0810;
				LastUpgradeCheck = 0810;
				ORGANIZATIONNAME = zkhCreator;
				TargetAttributes = {
					27A6BD7B1E167F51007ADF47 = {
						CreatedOnToolsVersion = 8.1;
						DevelopmentTeam = 8AGTSQVX42;
						ProvisioningStyle = Automatic;
					};
					27A6BD8F1E167F51007ADF47 = {
						CreatedOnToolsVersion = 8.1;
						DevelopmentTeam = 8AGTSQVX42;
						ProvisioningStyle = Automatic;
						TestTargetID = 27A6BD7B1E167F51007ADF47;
					};
					27A6BD9A1E167F51007ADF47 = {
						CreatedOnToolsVersion = 8.1;
						DevelopmentTeam = 8AGTSQVX42;
						ProvisioningStyle = Automatic;
						TestTargetID = 27A6BD7B1E167F51007ADF47;
					};
				};
			};
			buildConfigurationList = 27A6BD771E167F51007ADF47 /* Build configuration list for PBXProject "StudyJapanese" */;
			compatibilityVersion = "Xcode 3.2";
			developmentRegion = English;
			hasScannedForEncodings = 0;
			knownRegions = (
				en,
				Base,
			);
			mainGroup = 27A6BD731E167F51007ADF47;
			productRefGroup = 27A6BD7D1E167F51007ADF47 /* Products */;
			projectDirPath = "";
			projectRoot = "";
			targets = (
				27A6BD7B1E167F51007ADF47 /* StudyJapanese */,
				27A6BD8F1E167F51007ADF47 /* StudyJapaneseTests */,
				27A6BD9A1E167F51007ADF47 /* StudyJapaneseUITests */,
			);
		};
/* End PBXProject section */

/* Begin PBXResourcesBuildPhase section */
		27A6BD7A1E167F51007ADF47 /* Resources */ = {
			isa = PBXResourcesBuildPhase;
			buildActionMask = 2147483647;
			files = (
				27A6BD8A1E167F51007ADF47 /* LaunchScreen.storyboard in Resources */,
				27A6BD871E167F51007ADF47 /* Assets.xcassets in Resources */,
				27A6BD851E167F51007ADF47 /* Main.storyboard in Resources */,
			);
			runOnlyForDeploymentPostprocessing = 0;
		};
		27A6BD8E1E167F51007ADF47 /* Resources */ = {
			isa = PBXResourcesBuildPhase;
			buildActionMask = 2147483647;
			files = (
			);
			runOnlyForDeploymentPostprocessing = 0;
		};
		27A6BD991E167F51007ADF47 /* Resources */ = {
			isa = PBXResourcesBuildPhase;
			buildActionMask = 2147483647;
			files = (
			);
			runOnlyForDeploymentPostprocessing = 0;
		};
/* End PBXResourcesBuildPhase section */

/* Begin PBXShellScriptBuildPhase section */
		0B1E22243345AE54B7FB3147 /* [CP] Check Pods Manifest.lock */ = {
			isa = PBXShellScriptBuildPhase;
			buildActionMask = 2147483647;
			files = (
			);
			inputPaths = (
			);
			name = "[CP] Check Pods Manifest.lock";
			outputPaths = (
			);
			runOnlyForDeploymentPostprocessing = 0;
			shellPath = /bin/sh;
			shellScript = "diff \"${PODS_ROOT}/../Podfile.lock\" \"${PODS_ROOT}/Manifest.lock\" > /dev/null\nif [ $? != 0 ] ; then\n    # print error to STDERR\n    echo \"error: The sandbox is not in sync with the Podfile.lock. Run 'pod install' or update your CocoaPods installation.\" >&2\n    exit 1\nfi\n";
			showEnvVarsInLog = 0;
		};
		1EB3F40E14824807472C6BC9 /* [CP] Embed Pods Frameworks */ = {
			isa = PBXShellScriptBuildPhase;
			buildActionMask = 2147483647;
			files = (
			);
			inputPaths = (
			);
			name = "[CP] Embed Pods Frameworks";
			outputPaths = (
			);
			runOnlyForDeploymentPostprocessing = 0;
			shellPath = /bin/sh;
			shellScript = "\"${SRCROOT}/Pods/Target Support Files/Pods-StudyJapanese/Pods-StudyJapanese-frameworks.sh\"\n";
			showEnvVarsInLog = 0;
		};
		EEC2B9B01D0862BB5268052D /* [CP] Copy Pods Resources */ = {
			isa = PBXShellScriptBuildPhase;
			buildActionMask = 2147483647;
			files = (
			);
			inputPaths = (
			);
			name = "[CP] Copy Pods Resources";
			outputPaths = (
			);
			runOnlyForDeploymentPostprocessing = 0;
			shellPath = /bin/sh;
			shellScript = "\"${SRCROOT}/Pods/Target Support Files/Pods-StudyJapanese/Pods-StudyJapanese-resources.sh\"\n";
			showEnvVarsInLog = 0;
		};
/* End PBXShellScriptBuildPhase section */

/* Begin PBXSourcesBuildPhase section */
		27A6BD781E167F51007ADF47 /* Sources */ = {
			isa = PBXSourcesBuildPhase;
			buildActionMask = 2147483647;
			files = (
				27A6BD821E167F51007ADF47 /* ViewController.swift in Sources */,
				27A6BD801E167F51007ADF47 /* AppDelegate.swift in Sources */,
			);
			runOnlyForDeploymentPostprocessing = 0;
		};
		27A6BD8C1E167F51007ADF47 /* Sources */ = {
			isa = PBXSourcesBuildPhase;
			buildActionMask = 2147483647;
			files = (
				27A6BD951E167F51007ADF47 /* StudyJapaneseTests.swift in Sources */,
			);
			runOnlyForDeploymentPostprocessing = 0;
		};
		27A6BD971E167F51007ADF47 /* Sources */ = {
			isa = PBXSourcesBuildPhase;
			buildActionMask = 2147483647;
			files = (
				27A6BDA01E167F51007ADF47 /* StudyJapaneseUITests.swift in Sources */,
			);
			runOnlyForDeploymentPostprocessing = 0;
		};
/* End PBXSourcesBuildPhase section */

/* Begin PBXTargetDependency section */
		27A6BD921E167F51007ADF47 /* PBXTargetDependency */ = {
			isa = PBXTargetDependency;
			target = 27A6BD7B1E167F51007ADF47 /* StudyJapanese */;
			targetProxy = 27A6BD911E167F51007ADF47 /* PBXContainerItemProxy */;
		};
		27A6BD9D1E167F51007ADF47 /* PBXTargetDependency */ = {
			isa = PBXTargetDependency;
			target = 27A6BD7B1E167F51007ADF47 /* StudyJapanese */;
			targetProxy = 27A6BD9C1E167F51007ADF47 /* PBXContainerItemProxy */;
		};
/* End PBXTargetDependency section */

/* Begin PBXVariantGroup section */
		27A6BD831E167F51007ADF47 /* Main.storyboard */ = {
			isa = PBXVariantGroup;
			children = (
				27A6BD841E167F51007ADF47 /* Base */,
			);
			name = Main.storyboard;
			sourceTree = "<group>";
		};
		27A6BD881E167F51007ADF47 /* LaunchScreen.storyboard */ = {
			isa = PBXVariantGroup;
			children = (
				27A6BD891E167F51007ADF47 /* Base */,
			);
			name = LaunchScreen.storyboard;
			sourceTree = "<group>";
		};
/* End PBXVariantGroup section */

/* Begin XCBuildConfiguration section */
		27A6BDA21E167F51007ADF47 /* Debug */ = {
			isa = XCBuildConfiguration;
			buildSettings = {
				ALWAYS_SEARCH_USER_PATHS = NO;
				CLANG_ANALYZER_NONNULL = YES;
				CLANG_CXX_LANGUAGE_STANDARD = "gnu++0x";
				CLANG_CXX_LIBRARY = "libc++";
				CLANG_ENABLE_MODULES = YES;
				CLANG_ENABLE_OBJC_ARC = YES;
				CLANG_WARN_BOOL_CONVERSION = YES;
				CLANG_WARN_CONSTANT_CONVERSION = YES;
				CLANG_WARN_DIRECT_OBJC_ISA_USAGE = YES_ERROR;
				CLANG_WARN_DOCUMENTATION_COMMENTS = YES;
				CLANG_WARN_EMPTY_BODY = YES;
				CLANG_WARN_ENUM_CONVERSION = YES;
				CLANG_WARN_INFINITE_RECURSION = YES;
				CLANG_WARN_INT_CONVERSION = YES;
				CLANG_WARN_OBJC_ROOT_CLASS = YES_ERROR;
				CLANG_WARN_SUSPICIOUS_MOVES = YES;
				CLANG_WARN_UNREACHABLE_CODE = YES;
				CLANG_WARN__DUPLICATE_METHOD_MATCH = YES;
				"CODE_SIGN_IDENTITY[sdk=iphoneos*]" = "iPhone Developer";
				COPY_PHASE_STRIP = NO;
				DEBUG_INFORMATION_FORMAT = dwarf;
				ENABLE_STRICT_OBJC_MSGSEND = YES;
				ENABLE_TESTABILITY = YES;
				GCC_C_LANGUAGE_STANDARD = gnu99;
				GCC_DYNAMIC_NO_PIC = NO;
				GCC_NO_COMMON_BLOCKS = YES;
				GCC_OPTIMIZATION_LEVEL = 0;
				GCC_PREPROCESSOR_DEFINITIONS = (
					"DEBUG=1",
					"$(inherited)",
				);
				GCC_WARN_64_TO_32_BIT_CONVERSION = YES;
				GCC_WARN_ABOUT_RETURN_TYPE = YES_ERROR;
				GCC_WARN_UNDECLARED_SELECTOR = YES;
				GCC_WARN_UNINITIALIZED_AUTOS = YES_AGGRESSIVE;
				GCC_WARN_UNUSED_FUNCTION = YES;
				GCC_WARN_UNUSED_VARIABLE = YES;
				IPHONEOS_DEPLOYMENT_TARGET = 10.1;
				MTL_ENABLE_DEBUG_INFO = YES;
				ONLY_ACTIVE_ARCH = YES;
				SDKROOT = iphoneos;
				SWIFT_ACTIVE_COMPILATION_CONDITIONS = DEBUG;
				SWIFT_OPTIMIZATION_LEVEL = "-Onone";
				TARGETED_DEVICE_FAMILY = "1,2";
			};
			name = Debug;
		};
		27A6BDA31E167F51007ADF47 /* Release */ = {
			isa = XCBuildConfiguration;
			buildSettings = {
				ALWAYS_SEARCH_USER_PATHS = NO;
				CLANG_ANALYZER_NONNULL = YES;
				CLANG_CXX_LANGUAGE_STANDARD = "gnu++0x";
				CLANG_CXX_LIBRARY = "libc++";
				CLANG_ENABLE_MODULES = YES;
				CLANG_ENABLE_OBJC_ARC = YES;
				CLANG_WARN_BOOL_CONVERSION = YES;
				CLANG_WARN_CONSTANT_CONVERSION = YES;
				CLANG_WARN_DIRECT_OBJC_ISA_USAGE = YES_ERROR;
				CLANG_WARN_DOCUMENTATION_COMMENTS = YES;
				CLANG_WARN_EMPTY_BODY = YES;
				CLANG_WARN_ENUM_CONVERSION = YES;
				CLANG_WARN_INFINITE_RECURSION = YES;
				CLANG_WARN_INT_CONVERSION = YES;
				CLANG_WARN_OBJC_ROOT_CLASS = YES_ERROR;
				CLANG_WARN_SUSPICIOUS_MOVES = YES;
				CLANG_WARN_UNREACHABLE_CODE = YES;
				CLANG_WARN__DUPLICATE_METHOD_MATCH = YES;
				"CODE_SIGN_IDENTITY[sdk=iphoneos*]" = "iPhone Developer";
				COPY_PHASE_STRIP = NO;
				DEBUG_INFORMATION_FORMAT = "dwarf-with-dsym";
				ENABLE_NS_ASSERTIONS = NO;
				ENABLE_STRICT_OBJC_MSGSEND = YES;
				GCC_C_LANGUAGE_STANDARD = gnu99;
				GCC_NO_COMMON_BLOCKS = YES;
				GCC_WARN_64_TO_32_BIT_CONVERSION = YES;
				GCC_WARN_ABOUT_RETURN_TYPE = YES_ERROR;
				GCC_WARN_UNDECLARED_SELECTOR = YES;
				GCC_WARN_UNINITIALIZED_AUTOS = YES_AGGRESSIVE;
				GCC_WARN_UNUSED_FUNCTION = YES;
				GCC_WARN_UNUSED_VARIABLE = YES;
				IPHONEOS_DEPLOYMENT_TARGET = 10.1;
				MTL_ENABLE_DEBUG_INFO = NO;
				SDKROOT = iphoneos;
				SWIFT_OPTIMIZATION_LEVEL = "-Owholemodule";
				TARGETED_DEVICE_FAMILY = "1,2";
				VALIDATE_PRODUCT = YES;
			};
			name = Release;
		};
		27A6BDA51E167F51007ADF47 /* Debug */ = {
			isa = XCBuildConfiguration;
			baseConfigurationReference = F755EFF920E71DD1B2AEF6B0 /* Pods-StudyJapanese.debug.xcconfig */;
			buildSettings = {
				ASSETCATALOG_COMPILER_APPICON_NAME = AppIcon;
				DEVELOPMENT_TEAM = 8AGTSQVX42;
				INFOPLIST_FILE = StudyJapanese/Info.plist;
				IPHONEOS_DEPLOYMENT_TARGET = 8.0;
				LD_RUNPATH_SEARCH_PATHS = "$(inherited) @executable_path/Frameworks";
				PRODUCT_BUNDLE_IDENTIFIER = zkhCreator.StudyJapanese;
				PRODUCT_NAME = "$(TARGET_NAME)";
				SWIFT_VERSION = 3.0;
				TARGETED_DEVICE_FAMILY = 1;
			};
			name = Debug;
		};
		27A6BDA61E167F51007ADF47 /* Release */ = {
			isa = XCBuildConfiguration;
			baseConfigurationReference = EC13D6A824B38E94EC9351E3 /* Pods-StudyJapanese.release.xcconfig */;
			buildSettings = {
				ASSETCATALOG_COMPILER_APPICON_NAME = AppIcon;
				DEVELOPMENT_TEAM = 8AGTSQVX42;
				INFOPLIST_FILE = StudyJapanese/Info.plist;
				IPHONEOS_DEPLOYMENT_TARGET = 8.0;
				LD_RUNPATH_SEARCH_PATHS = "$(inherited) @executable_path/Frameworks";
				PRODUCT_BUNDLE_IDENTIFIER = zkhCreator.StudyJapanese;
				PRODUCT_NAME = "$(TARGET_NAME)";
				SWIFT_VERSION = 3.0;
				TARGETED_DEVICE_FAMILY = 1;
			};
			name = Release;
		};
		27A6BDA81E167F51007ADF47 /* Debug */ = {
			isa = XCBuildConfiguration;
			buildSettings = {
				ALWAYS_EMBED_SWIFT_STANDARD_LIBRARIES = YES;
				BUNDLE_LOADER = "$(TEST_HOST)";
				DEVELOPMENT_TEAM = 8AGTSQVX42;
				INFOPLIST_FILE = StudyJapaneseTests/Info.plist;
				LD_RUNPATH_SEARCH_PATHS = "$(inherited) @executable_path/Frameworks @loader_path/Frameworks";
				PRODUCT_BUNDLE_IDENTIFIER = zkhCreator.StudyJapaneseTests;
				PRODUCT_NAME = "$(TARGET_NAME)";
				SWIFT_VERSION = 3.0;
				TEST_HOST = "$(BUILT_PRODUCTS_DIR)/StudyJapanese.app/StudyJapanese";
			};
			name = Debug;
		};
		27A6BDA91E167F51007ADF47 /* Release */ = {
			isa = XCBuildConfiguration;
			buildSettings = {
				ALWAYS_EMBED_SWIFT_STANDARD_LIBRARIES = YES;
				BUNDLE_LOADER = "$(TEST_HOST)";
				DEVELOPMENT_TEAM = 8AGTSQVX42;
				INFOPLIST_FILE = StudyJapaneseTests/Info.plist;
				LD_RUNPATH_SEARCH_PATHS = "$(inherited) @executable_path/Frameworks @loader_path/Frameworks";
				PRODUCT_BUNDLE_IDENTIFIER = zkhCreator.StudyJapaneseTests;
				PRODUCT_NAME = "$(TARGET_NAME)";
				SWIFT_VERSION = 3.0;
				TEST_HOST = "$(BUILT_PRODUCTS_DIR)/StudyJapanese.app/StudyJapanese";
			};
			name = Release;
		};
		27A6BDAB1E167F51007ADF47 /* Debug */ = {
			isa = XCBuildConfiguration;
			buildSettings = {
				ALWAYS_EMBED_SWIFT_STANDARD_LIBRARIES = YES;
				DEVELOPMENT_TEAM = 8AGTSQVX42;
				INFOPLIST_FILE = StudyJapaneseUITests/Info.plist;
				LD_RUNPATH_SEARCH_PATHS = "$(inherited) @executable_path/Frameworks @loader_path/Frameworks";
				PRODUCT_BUNDLE_IDENTIFIER = zkhCreator.StudyJapaneseUITests;
				PRODUCT_NAME = "$(TARGET_NAME)";
				SWIFT_VERSION = 3.0;
				TEST_TARGET_NAME = StudyJapanese;
			};
			name = Debug;
		};
		27A6BDAC1E167F51007ADF47 /* Release */ = {
			isa = XCBuildConfiguration;
			buildSettings = {
				ALWAYS_EMBED_SWIFT_STANDARD_LIBRARIES = YES;
				DEVELOPMENT_TEAM = 8AGTSQVX42;
				INFOPLIST_FILE = StudyJapaneseUITests/Info.plist;
				LD_RUNPATH_SEARCH_PATHS = "$(inherited) @executable_path/Frameworks @loader_path/Frameworks";
				PRODUCT_BUNDLE_IDENTIFIER = zkhCreator.StudyJapaneseUITests;
				PRODUCT_NAME = "$(TARGET_NAME)";
				SWIFT_VERSION = 3.0;
				TEST_TARGET_NAME = StudyJapanese;
			};
			name = Release;
		};
/* End XCBuildConfiguration section */

/* Begin XCConfigurationList section */
		27A6BD771E167F51007ADF47 /* Build configuration list for PBXProject "StudyJapanese" */ = {
			isa = XCConfigurationList;
			buildConfigurations = (
				27A6BDA21E167F51007ADF47 /* Debug */,
				27A6BDA31E167F51007ADF47 /* Release */,
			);
			defaultConfigurationIsVisible = 0;
			defaultConfigurationName = Release;
		};
		27A6BDA41E167F51007ADF47 /* Build configuration list for PBXNativeTarget "StudyJapanese" */ = {
			isa = XCConfigurationList;
			buildConfigurations = (
				27A6BDA51E167F51007ADF47 /* Debug */,
				27A6BDA61E167F51007ADF47 /* Release */,
			);
			defaultConfigurationIsVisible = 0;
			defaultConfigurationName = Release;
		};
		27A6BDA71E167F51007ADF47 /* Build configuration list for PBXNativeTarget "StudyJapaneseTests" */ = {
			isa = XCConfigurationList;
			buildConfigurations = (
				27A6BDA81E167F51007ADF47 /* Debug */,
				27A6BDA91E167F51007ADF47 /* Release */,
			);
			defaultConfigurationIsVisible = 0;
			defaultConfigurationName = Release;
		};
		27A6BDAA1E167F51007ADF47 /* Build configuration list for PBXNativeTarget "StudyJapaneseUITests" */ = {
			isa = XCConfigurationList;
			buildConfigurations = (
				27A6BDAB1E167F51007ADF47 /* Debug */,
				27A6BDAC1E167F51007ADF47 /* Release */,
			);
			defaultConfigurationIsVisible = 0;
			defaultConfigurationName = Release;
		};
/* End XCConfigurationList section */
	};
	rootObject = 27A6BD741E167F51007ADF47 /* Project object */;
}
